
Microsoft Visual Studio Solution File, Format Version 12.00
# Visual Studio Version 17
VisualStudioVersion = 17.14.36603.0 d17.14
MinimumVisualStudioVersion = 10.0.40219.1
Project("{FAE04EC0-301F-11D3-BF4B-00C04F79EFBC}") = "RJ_SPEventReceiverssCheckWHSubscriptions", "RJ_SPEventReceiverssCheckWHSubscriptions\RJ_SPEventReceiverssCheckWHSubscriptions.csproj", "{6101C635-46FB-4801-84AA-40A2D069E4ED}"
EndProject
Global
	GlobalSection(SolutionConfigurationPlatforms) = preSolution
		Debug|Any CPU = Debug|Any CPU
		Release|Any CPU = Release|Any CPU
	EndGlobalSection
	GlobalSection(ProjectConfigurationPlatforms) = postSolution
		{6101C635-46FB-4801-84AA-40A2D069E4ED}.Debug|Any CPU.ActiveCfg = Debug|Any CPU
		{6101C635-46FB-4801-84AA-40A2D069E4ED}.Debug|Any CPU.Build.0 = Debug|Any CPU
		{6101C635-46FB-4801-84AA-40A2D069E4ED}.Release|Any CPU.ActiveCfg = Release|Any CPU
		{6101C635-46FB-4801-84AA-40A2D069E4ED}.Release|Any CPU.Build.0 = Release|Any CPU
	EndGlobalSection
	GlobalSection(SolutionProperties) = preSolution
		HideSolutionNode = FALSE
	EndGlobalSection
	GlobalSection(ExtensibilityGlobals) = postSolution
		SolutionGuid = {9E22E65B-36C0-47F7-9234-811E6149184C}
	EndGlobalSection
EndGlobal
